
Microsoft Visual Studio Solution File, Format Version 12.00
Project("{FAE04EC0-301F-11D3-BF4B-00C04F79EFBC}") = "Day2Solution", "Day2Solution\Day2Solution.csproj", "{BA6FCA08-766C-48B9-B851-C79ED1484380}"
EndProject
Global
	GlobalSection(SolutionConfigurationPlatforms) = preSolution
		Debug|Any CPU = Debug|Any CPU
		Release|Any CPU = Release|Any CPU
	EndGlobalSection
	GlobalSection(ProjectConfigurationPlatforms) = postSolution
		{BA6FCA08-766C-48B9-B851-C79ED1484380}.Debug|Any CPU.ActiveCfg = Debug|Any CPU
		{BA6FCA08-766C-48B9-B851-C79ED1484380}.Debug|Any CPU.Build.0 = Debug|Any CPU
		{BA6FCA08-766C-48B9-B851-C79ED1484380}.Release|Any CPU.ActiveCfg = Release|Any CPU
		{BA6FCA08-766C-48B9-B851-C79ED1484380}.Release|Any CPU.Build.0 = Release|Any CPU
	EndGlobalSection
EndGlobal
